
Microsoft Visual Studio Solution File, Format Version 12.00
# Visual Studio Version 16
VisualStudioVersion = 16.0.30717.126
MinimumVisualStudioVersion = 10.0.40219.1
Project("{FAE04EC0-301F-11D3-BF4B-00C04F79EFBC}") = "Kerbal-Interstellar-Technologies", "Kerbal-Interstellar-Technologies.csproj", "{AD686AF3-DDDC-4991-909F-EAD9C16C469B}"
EndProject
Project("{FAE04EC0-301F-11D3-BF4B-00C04F79EFBC}") = "Kerbal-Interstellar-Technologies_Redist", "..\Redist\Kerbal-Interstellar-Technologies_Redist.csproj", "{EBF9A4EC-4F9A-4E80-9BD1-13316309EA69}"
EndProject
Project("{FAE04EC0-301F-11D3-BF4B-00C04F79EFBC}") = "PhotonSail", "..\PhotonSail\PhotonSail.csproj", "{34403539-F4E1-4D16-A771-DE807067761C}"
EndProject
Global
	GlobalSection(SolutionConfigurationPlatforms) = preSolution
		Debug|Any CPU = Debug|Any CPU
		Release|Any CPU = Release|Any CPU
	EndGlobalSection
	GlobalSection(ProjectConfigurationPlatforms) = postSolution
		{AD686AF3-DDDC-4991-909F-EAD9C16C469B}.Debug|Any CPU.ActiveCfg = Debug|Any CPU
		{AD686AF3-DDDC-4991-909F-EAD9C16C469B}.Debug|Any CPU.Build.0 = Debug|Any CPU
		{AD686AF3-DDDC-4991-909F-EAD9C16C469B}.Release|Any CPU.ActiveCfg = Release|Any CPU
		{AD686AF3-DDDC-4991-909F-EAD9C16C469B}.Release|Any CPU.Build.0 = Release|Any CPU
		{EBF9A4EC-4F9A-4E80-9BD1-13316309EA69}.Debug|Any CPU.ActiveCfg = Debug|Any CPU
		{EBF9A4EC-4F9A-4E80-9BD1-13316309EA69}.Debug|Any CPU.Build.0 = Debug|Any CPU
		{EBF9A4EC-4F9A-4E80-9BD1-13316309EA69}.Release|Any CPU.ActiveCfg = Release|Any CPU
		{EBF9A4EC-4F9A-4E80-9BD1-13316309EA69}.Release|Any CPU.Build.0 = Release|Any CPU
		{34403539-F4E1-4D16-A771-DE807067761C}.Debug|Any CPU.ActiveCfg = Debug|Any CPU
		{34403539-F4E1-4D16-A771-DE807067761C}.Debug|Any CPU.Build.0 = Debug|Any CPU
		{34403539-F4E1-4D16-A771-DE807067761C}.Release|Any CPU.ActiveCfg = Release|Any CPU
		{34403539-F4E1-4D16-A771-DE807067761C}.Release|Any CPU.Build.0 = Release|Any CPU
	EndGlobalSection
	GlobalSection(SolutionProperties) = preSolution
		HideSolutionNode = FALSE
	EndGlobalSection
	GlobalSection(ExtensibilityGlobals) = postSolution
		SolutionGuid = {F3A16A5E-4F6C-4322-A823-8254B5239492}
	EndGlobalSection
EndGlobal
